
Microsoft Visual Studio Solution File, Format Version 12.00
# Visual Studio 15
VisualStudioVersion = 15.0.27703.2042
MinimumVisualStudioVersion = 10.0.40219.1
Project("{FAE04EC0-301F-11D3-BF4B-00C04F79EFBC}") = "SA_Lab_2", "SA_Lab_2\SA_Lab_2.csproj", "{D0328655-8D65-4530-8CE1-0CD97FDA64E9}"
EndProject
Global
	GlobalSection(SolutionConfigurationPlatforms) = preSolution
		Debug|Any CPU = Debug|Any CPU
		Release|Any CPU = Release|Any CPU
	EndGlobalSection
	GlobalSection(ProjectConfigurationPlatforms) = postSolution
		{D0328655-8D65-4530-8CE1-0CD97FDA64E9}.Debug|Any CPU.ActiveCfg = Debug|Any CPU
		{D0328655-8D65-4530-8CE1-0CD97FDA64E9}.Debug|Any CPU.Build.0 = Debug|Any CPU
		{D0328655-8D65-4530-8CE1-0CD97FDA64E9}.Release|Any CPU.ActiveCfg = Release|Any CPU
		{D0328655-8D65-4530-8CE1-0CD97FDA64E9}.Release|Any CPU.Build.0 = Release|Any CPU
	EndGlobalSection
	GlobalSection(SolutionProperties) = preSolution
		HideSolutionNode = FALSE
	EndGlobalSection
	GlobalSection(ExtensibilityGlobals) = postSolution
		SolutionGuid = {6B527E0C-57D5-49CE-AEFD-1FD363B7860F}
	EndGlobalSection
EndGlobal
