
Microsoft Visual Studio Solution File, Format Version 12.00
# Visual Studio 15
VisualStudioVersion = 15.0.28010.2046
MinimumVisualStudioVersion = 10.0.40219.1
Project("{FAE04EC0-301F-11D3-BF4B-00C04F79EFBC}") = "SA_Lab_9", "SA_Lab_9\SA_Lab_9.csproj", "{6E7CE4C7-C287-4DE8-9AA6-921A925AEBD5}"
EndProject
Global
	GlobalSection(SolutionConfigurationPlatforms) = preSolution
		Debug|Any CPU = Debug|Any CPU
		Release|Any CPU = Release|Any CPU
	EndGlobalSection
	GlobalSection(ProjectConfigurationPlatforms) = postSolution
		{6E7CE4C7-C287-4DE8-9AA6-921A925AEBD5}.Debug|Any CPU.ActiveCfg = Debug|Any CPU
		{6E7CE4C7-C287-4DE8-9AA6-921A925AEBD5}.Debug|Any CPU.Build.0 = Debug|Any CPU
		{6E7CE4C7-C287-4DE8-9AA6-921A925AEBD5}.Release|Any CPU.ActiveCfg = Release|Any CPU
		{6E7CE4C7-C287-4DE8-9AA6-921A925AEBD5}.Release|Any CPU.Build.0 = Release|Any CPU
	EndGlobalSection
	GlobalSection(SolutionProperties) = preSolution
		HideSolutionNode = FALSE
	EndGlobalSection
	GlobalSection(ExtensibilityGlobals) = postSolution
		SolutionGuid = {D8090FB1-AF07-491A-891F-7CCD1B882E67}
	EndGlobalSection
EndGlobal
