
Microsoft Visual Studio Solution File, Format Version 12.00
# Visual Studio 15
VisualStudioVersion = 15.0.28010.2036
MinimumVisualStudioVersion = 10.0.40219.1
Project("{FAE04EC0-301F-11D3-BF4B-00C04F79EFBC}") = "SA_Lab_5", "SA_Lab_5\SA_Lab_5.csproj", "{88CD806A-7F40-4E2C-B288-D98C1A71DA34}"
EndProject
Global
	GlobalSection(SolutionConfigurationPlatforms) = preSolution
		Debug|Any CPU = Debug|Any CPU
		Release|Any CPU = Release|Any CPU
	EndGlobalSection
	GlobalSection(ProjectConfigurationPlatforms) = postSolution
		{88CD806A-7F40-4E2C-B288-D98C1A71DA34}.Debug|Any CPU.ActiveCfg = Debug|Any CPU
		{88CD806A-7F40-4E2C-B288-D98C1A71DA34}.Debug|Any CPU.Build.0 = Debug|Any CPU
		{88CD806A-7F40-4E2C-B288-D98C1A71DA34}.Release|Any CPU.ActiveCfg = Release|Any CPU
		{88CD806A-7F40-4E2C-B288-D98C1A71DA34}.Release|Any CPU.Build.0 = Release|Any CPU
	EndGlobalSection
	GlobalSection(SolutionProperties) = preSolution
		HideSolutionNode = FALSE
	EndGlobalSection
	GlobalSection(ExtensibilityGlobals) = postSolution
		SolutionGuid = {125AA2D3-CFF3-4E29-97D1-57976C9E2820}
	EndGlobalSection
EndGlobal
